# This file is automatically @generated by Cargo.
# It is not intended for manual editing.
version = 4

[[package]]
name = "openbsw_console_out"
version = "0.1.0"

[[package]]
name = "openbsw_panic_handler"
version = "0.1.0"

[[package]]
name = "rust_hello_world"
version = "0.1.0"
dependencies = [
 "openbsw_console_out",
 "openbsw_panic_handler",
]
